PODS:
  - Flutter (1.0.0)
  - flutter_social (0.0.1):
    - Flutter

DEPENDENCIES:
  - Flutter (from `Flutter`)
  - flutter_social (from `.symlinks/plugins/flutter_social/ios`)

EXTERNAL SOURCES:
  Flutter:
    :path: Flutter
  flutter_social:
    :path: ".symlinks/plugins/flutter_social/ios"

SPEC CHECKSUMS:
  Flutter: 0e3d915762c693b495b44d77113d4970485de6ec
  flutter_social: 6f6aeca1c9fe525357b6c8c04242c260e07a8729

PODFILE CHECKSUM: 8e679eca47255a8ca8067c4c67aab20e64cb974d

COCOAPODS: 1.8.3
